// !$*UTF8*$!
{
	archiveVersion = 1;
	classes = {
	};
	objectVersion = 46;
	objects = {

/* Begin PBXBuildFile section */
		EC69E0221D54A5B10014B698 /* AppDelegate.swift in Sources */ = {isa = PBXBuildFile; fileRef = ECFE8A6B1D418B6600956E81 /* AppDelegate.swift */; };
		ECFE8A6C1D418B6600956E81 /* AppDelegate.swift in Sources */ = {isa = PBXBuildFile; fileRef = ECFE8A6B1D418B6600956E81 /* AppDelegate.swift */; };
		ECFE8A711D418B6600956E81 /* Main.storyboard in Resources */ = {isa = PBXBuildFile; fileRef = ECFE8A6F1D418B6600956E81 /* Main.storyboard */; };
		ECFE8A741D418B6600956E81 /* UsersCRUD.xcdatamodeld in Sources */ = {isa = PBXBuildFile; fileRef = ECFE8A721D418B6600956E81 /* UsersCRUD.xcdatamodeld */; };
		ECFE8A761D418B6600956E81 /* Assets.xcassets in Resources */ = {isa = PBXBuildFile; fileRef = ECFE8A751D418B6600956E81 /* Assets.xcassets */; };
		ECFE8A791D418B6600956E81 /* LaunchScreen.storyboard in Resources */ = {isa = PBXBuildFile; fileRef = ECFE8A771D418B6600956E81 /* LaunchScreen.storyboard */; };
		ECFE8A841D418B6600956E81 /* UsersCRUDTests.swift in Sources */ = {isa = PBXBuildFile; fileRef = ECFE8A831D418B6600956E81 /* UsersCRUDTests.swift */; };
		ECFE8AA11D4AEC8600956E81 /* User+CoreDataProperties.swift in Sources */ = {isa = PBXBuildFile; fileRef = ECFE8A9F1D4AEC8600956E81 /* User+CoreDataProperties.swift */; };
		ECFE8AA21D4AEC8600956E81 /* User+CoreDataProperties.swift in Sources */ = {isa = PBXBuildFile; fileRef = ECFE8A9F1D4AEC8600956E81 /* User+CoreDataProperties.swift */; };
		ECFE8AA31D4AEC8600956E81 /* User.swift in Sources */ = {isa = PBXBuildFile; fileRef = ECFE8AA01D4AEC8600956E81 /* User.swift */; };
		ECFE8AA41D4AEC8600956E81 /* User.swift in Sources */ = {isa = PBXBuildFile; fileRef = ECFE8AA01D4AEC8600956E81 /* User.swift */; };
		ECFE8AA61D4AEF5D00956E81 /* NSManagedObject+Common.swift in Sources */ = {isa = PBXBuildFile; fileRef = ECFE8AA51D4AEF5D00956E81 /* NSManagedObject+Common.swift */; };
		ECFE8AA71D4AEF5D00956E81 /* NSManagedObject+Common.swift in Sources */ = {isa = PBXBuildFile; fileRef = ECFE8AA51D4AEF5D00956E81 /* NSManagedObject+Common.swift */; };
		ECFE8AA91D4B717100956E81 /* MOCK_DATA.json in Resources */ = {isa = PBXBuildFile; fileRef = ECFE8AA81D4B717100956E81 /* MOCK_DATA.json */; };
		ECFE8AAA1D4B717100956E81 /* MOCK_DATA.json in Resources */ = {isa = PBXBuildFile; fileRef = ECFE8AA81D4B717100956E81 /* MOCK_DATA.json */; };
		ECFE8AAC1D4E40BF00956E81 /* UsersViewController.swift in Sources */ = {isa = PBXBuildFile; fileRef = ECFE8AAB1D4E40BF00956E81 /* UsersViewController.swift */; };
		ECFE8AAD1D4E40BF00956E81 /* UsersViewController.swift in Sources */ = {isa = PBXBuildFile; fileRef = ECFE8AAB1D4E40BF00956E81 /* UsersViewController.swift */; };
		ECFE8AAF1D4F4A7B00956E81 /* EditUserViewController.swift in Sources */ = {isa = PBXBuildFile; fileRef = ECFE8AAE1D4F4A7B00956E81 /* EditUserViewController.swift */; };
		ECFE8AB01D4F4A7B00956E81 /* EditUserViewController.swift in Sources */ = {isa = PBXBuildFile; fileRef = ECFE8AAE1D4F4A7B00956E81 /* EditUserViewController.swift */; };
/* End PBXBuildFile section */

/* Begin PBXContainerItemProxy section */
		ECFE8A801D418B6600956E81 /* PBXContainerItemProxy */ = {
			isa = PBXContainerItemProxy;
			containerPortal = ECFE8A601D418B6600956E81 /* Project object */;
			proxyType = 1;
			remoteGlobalIDString = ECFE8A671D418B6600956E81;
			remoteInfo = UsersCRUD;
		};
/* End PBXContainerItemProxy section */

/* Begin PBXFileReference section */
		ECFE8A681D418B6600956E81 /* UsersCRUD.app */ = {isa = PBXFileReference; explicitFileType = wrapper.application; includeInIndex = 0; path = UsersCRUD.app; sourceTree = BUILT_PRODUCTS_DIR; };
		ECFE8A6B1D418B6600956E81 /* AppDelegate.swift */ = {isa = PBXFileReference; lastKnownFileType = sourcecode.swift; path = AppDelegate.swift; sourceTree = "<group>"; };
		ECFE8A701D418B6600956E81 /* Base */ = {isa = PBXFileReference; lastKnownFileType = file.storyboard; name = Base; path = Base.lproj/Main.storyboard; sourceTree = "<group>"; };
		ECFE8A731D418B6600956E81 /* UsersCRUD.xcdatamodel */ = {isa = PBXFileReference; lastKnownFileType = wrapper.xcdatamodel; path = UsersCRUD.xcdatamodel; sourceTree = "<group>"; };
		ECFE8A751D418B6600956E81 /* Assets.xcassets */ = {isa = PBXFileReference; lastKnownFileType = folder.assetcatalog; path = Assets.xcassets; sourceTree = "<group>"; };
		ECFE8A781D418B6600956E81 /* Base */ = {isa = PBXFileReference; lastKnownFileType = file.storyboard; name = Base; path = Base.lproj/LaunchScreen.storyboard; sourceTree = "<group>"; };
		ECFE8A7A1D418B6600956E81 /* Info.plist */ = {isa = PBXFileReference; lastKnownFileType = text.plist.xml; path = Info.plist; sourceTree = "<group>"; };
		ECFE8A7F1D418B6600956E81 /* UsersCRUDTests.xctest */ = {isa = PBXFileReference; explicitFileType = wrapper.cfbundle; includeInIndex = 0; path = UsersCRUDTests.xctest; sourceTree = BUILT_PRODUCTS_DIR; };
		ECFE8A831D418B6600956E81 /* UsersCRUDTests.swift */ = {isa = PBXFileReference; lastKnownFileType = sourcecode.swift; path = UsersCRUDTests.swift; sourceTree = "<group>"; };
		ECFE8A851D418B6600956E81 /* Info.plist */ = {isa = PBXFileReference; lastKnownFileType = text.plist.xml; path = Info.plist; sourceTree = "<group>"; };
		ECFE8A9F1D4AEC8600956E81 /* User+CoreDataProperties.swift */ = {isa = PBXFileReference; fileEncoding = 4; lastKnownFileType = sourcecode.swift; path = "User+CoreDataProperties.swift"; sourceTree = "<group>"; };
		ECFE8AA01D4AEC8600956E81 /* User.swift */ = {isa = PBXFileReference; fileEncoding = 4; lastKnownFileType = sourcecode.swift; path = User.swift; sourceTree = "<group>"; };
		ECFE8AA51D4AEF5D00956E81 /* NSManagedObject+Common.swift */ = {isa = PBXFileReference; fileEncoding = 4; lastKnownFileType = sourcecode.swift; path = "NSManagedObject+Common.swift"; sourceTree = "<group>"; };
		ECFE8AA81D4B717100956E81 /* MOCK_DATA.json */ = {isa = PBXFileReference; fileEncoding = 4; lastKnownFileType = text.json; path = MOCK_DATA.json; sourceTree = "<group>"; };
		ECFE8AAB1D4E40BF00956E81 /* UsersViewController.swift */ = {isa = PBXFileReference; fileEncoding = 4; lastKnownFileType = sourcecode.swift; path = UsersViewController.swift; sourceTree = "<group>"; };
		ECFE8AAE1D4F4A7B00956E81 /* EditUserViewController.swift */ = {isa = PBXFileReference; fileEncoding = 4; lastKnownFileType = sourcecode.swift; path = EditUserViewController.swift; sourceTree = "<group>"; };
/* End PBXFileReference section */

/* Begin PBXFrameworksBuildPhase section */
		ECFE8A651D418B6600956E81 /* Frameworks */ = {
			isa = PBXFrameworksBuildPhase;
			buildActionMask = 2147483647;
			files = (
			);
			runOnlyForDeploymentPostprocessing = 0;
		};
		ECFE8A7C1D418B6600956E81 /* Frameworks */ = {
			isa = PBXFrameworksBuildPhase;
			buildActionMask = 2147483647;
			files = (
			);
			runOnlyForDeploymentPostprocessing = 0;
		};
/* End PBXFrameworksBuildPhase section */

/* Begin PBXGroup section */
		EC69E0211D549FA20014B698 /* CoreData */ = {
			isa = PBXGroup;
			children = (
				ECFE8A721D418B6600956E81 /* UsersCRUD.xcdatamodeld */,
				ECFE8AA51D4AEF5D00956E81 /* NSManagedObject+Common.swift */,
				ECFE8A9F1D4AEC8600956E81 /* User+CoreDataProperties.swift */,
				ECFE8AA01D4AEC8600956E81 /* User.swift */,
			);
			name = CoreData;
			sourceTree = "<group>";
		};
		ECFE8A5F1D418B6600956E81 = {
			isa = PBXGroup;
			children = (
				EC69E0211D549FA20014B698 /* CoreData */,
				ECFE8A6A1D418B6600956E81 /* UsersCRUD */,
				ECFE8A821D418B6600956E81 /* UsersCRUDTests */,
				ECFE8A691D418B6600956E81 /* Products */,
			);
			sourceTree = "<group>";
		};
		ECFE8A691D418B6600956E81 /* Products */ = {
			isa = PBXGroup;
			children = (
				ECFE8A681D418B6600956E81 /* UsersCRUD.app */,
				ECFE8A7F1D418B6600956E81 /* UsersCRUDTests.xctest */,
			);
			name = Products;
			sourceTree = "<group>";
		};
		ECFE8A6A1D418B6600956E81 /* UsersCRUD */ = {
			isa = PBXGroup;
			children = (
				ECFE8AAB1D4E40BF00956E81 /* UsersViewController.swift */,
				ECFE8AAE1D4F4A7B00956E81 /* EditUserViewController.swift */,
				ECFE8A9C1D496BCF00956E81 /* Supporting Files */,
				ECFE8A6B1D418B6600956E81 /* AppDelegate.swift */,
				ECFE8A6F1D418B6600956E81 /* Main.storyboard */,
				ECFE8A751D418B6600956E81 /* Assets.xcassets */,
				ECFE8A771D418B6600956E81 /* LaunchScreen.storyboard */,
				ECFE8A7A1D418B6600956E81 /* Info.plist */,
			);
			path = UsersCRUD;
			sourceTree = "<group>";
		};
		ECFE8A821D418B6600956E81 /* UsersCRUDTests */ = {
			isa = PBXGroup;
			children = (
				ECFE8A831D418B6600956E81 /* UsersCRUDTests.swift */,
				ECFE8A851D418B6600956E81 /* Info.plist */,
			);
			path = UsersCRUDTests;
			sourceTree = "<group>";
		};
		ECFE8A9C1D496BCF00956E81 /* Supporting Files */ = {
			isa = PBXGroup;
			children = (
				ECFE8AA81D4B717100956E81 /* MOCK_DATA.json */,
			);
			name = "Supporting Files";
			sourceTree = "<group>";
		};
/* End PBXGroup section */

/* Begin PBXNativeTarget section */
		ECFE8A671D418B6600956E81 /* UsersCRUD */ = {
			isa = PBXNativeTarget;
			buildConfigurationList = ECFE8A931D418B6600956E81 /* Build configuration list for PBXNativeTarget "UsersCRUD" */;
			buildPhases = (
				ECFE8A641D418B6600956E81 /* Sources */,
				ECFE8A651D418B6600956E81 /* Frameworks */,
				ECFE8A661D418B6600956E81 /* Resources */,
			);
			buildRules = (
			);
			dependencies = (
			);
			name = UsersCRUD;
			productName = UsersCRUD;
			productReference = ECFE8A681D418B6600956E81 /* UsersCRUD.app */;
			productType = "com.apple.product-type.application";
		};
		ECFE8A7E1D418B6600956E81 /* UsersCRUDTests */ = {
			isa = PBXNativeTarget;
			buildConfigurationList = ECFE8A961D418B6600956E81 /* Build configuration list for PBXNativeTarget "UsersCRUDTests" */;
			buildPhases = (
				ECFE8A7B1D418B6600956E81 /* Sources */,
				ECFE8A7C1D418B6600956E81 /* Frameworks */,
				ECFE8A7D1D418B6600956E81 /* Resources */,
			);
			buildRules = (
			);
			dependencies = (
				ECFE8A811D418B6600956E81 /* PBXTargetDependency */,
			);
			name = UsersCRUDTests;
			productName = UsersCRUDTests;
			productReference = ECFE8A7F1D418B6600956E81 /* UsersCRUDTests.xctest */;
			productType = "com.apple.product-type.bundle.unit-test";
		};
/* End PBXNativeTarget section */

/* Begin PBXProject section */
		ECFE8A601D418B6600956E81 /* Project object */ = {
			isa = PBXProject;
			attributes = {
				LastSwiftUpdateCheck = 0730;
				LastUpgradeCheck = 1020;
				ORGANIZATIONNAME = 4iFun;
				TargetAttributes = {
					ECFE8A671D418B6600956E81 = {
						CreatedOnToolsVersion = 7.3.1;
						DevelopmentTeam = RW523X5R3S;
						LastSwiftMigration = 1020;
					};
					ECFE8A7E1D418B6600956E81 = {
						CreatedOnToolsVersion = 7.3.1;
						LastSwiftMigration = 1020;
						TestTargetID = ECFE8A671D418B6600956E81;
					};
				};
			};
			buildConfigurationList = ECFE8A631D418B6600956E81 /* Build configuration list for PBXProject "UsersCRUD" */;
			compatibilityVersion = "Xcode 3.2";
			developmentRegion = en;
			hasScannedForEncodings = 0;
			knownRegions = (
				en,
				Base,
			);
			mainGroup = ECFE8A5F1D418B6600956E81;
			productRefGroup = ECFE8A691D418B6600956E81 /* Products */;
			projectDirPath = "";
			projectRoot = "";
			targets = (
				ECFE8A671D418B6600956E81 /* UsersCRUD */,
				ECFE8A7E1D418B6600956E81 /* UsersCRUDTests */,
			);
		};
/* End PBXProject section */

/* Begin PBXResourcesBuildPhase section */
		ECFE8A661D418B6600956E81 /* Resources */ = {
			isa = PBXResourcesBuildPhase;
			buildActionMask = 2147483647;
			files = (
				ECFE8A791D418B6600956E81 /* LaunchScreen.storyboard in Resources */,
				ECFE8AA91D4B717100956E81 /* MOCK_DATA.json in Resources */,
				ECFE8A761D418B6600956E81 /* Assets.xcassets in Resources */,
				ECFE8A711D418B6600956E81 /* Main.storyboard in Resources */,
			);
			runOnlyForDeploymentPostprocessing = 0;
		};
		ECFE8A7D1D418B6600956E81 /* Resources */ = {
			isa = PBXResourcesBuildPhase;
			buildActionMask = 2147483647;
			files = (
				ECFE8AAA1D4B717100956E81 /* MOCK_DATA.json in Resources */,
			);
			runOnlyForDeploymentPostprocessing = 0;
		};
/* End PBXResourcesBuildPhase section */

/* Begin PBXSourcesBuildPhase section */
		ECFE8A641D418B6600956E81 /* Sources */ = {
			isa = PBXSourcesBuildPhase;
			buildActionMask = 2147483647;
			files = (
				ECFE8AA61D4AEF5D00956E81 /* NSManagedObject+Common.swift in Sources */,
				ECFE8AAC1D4E40BF00956E81 /* UsersViewController.swift in Sources */,
				ECFE8A741D418B6600956E81 /* UsersCRUD.xcdatamodeld in Sources */,
				ECFE8AA11D4AEC8600956E81 /* User+CoreDataProperties.swift in Sources */,
				ECFE8AA31D4AEC8600956E81 /* User.swift in Sources */,
				ECFE8AAF1D4F4A7B00956E81 /* EditUserViewController.swift in Sources */,
				ECFE8A6C1D418B6600956E81 /* AppDelegate.swift in Sources */,
			);
			runOnlyForDeploymentPostprocessing = 0;
		};
		ECFE8A7B1D418B6600956E81 /* Sources */ = {
			isa = PBXSourcesBuildPhase;
			buildActionMask = 2147483647;
			files = (
				ECFE8AA71D4AEF5D00956E81 /* NSManagedObject+Common.swift in Sources */,
				ECFE8AA21D4AEC8600956E81 /* User+CoreDataProperties.swift in Sources */,
				ECFE8AAD1D4E40BF00956E81 /* UsersViewController.swift in Sources */,
				ECFE8AB01D4F4A7B00956E81 /* EditUserViewController.swift in Sources */,
				EC69E0221D54A5B10014B698 /* AppDelegate.swift in Sources */,
				ECFE8A841D418B6600956E81 /* UsersCRUDTests.swift in Sources */,
				ECFE8AA41D4AEC8600956E81 /* User.swift in Sources */,
			);
			runOnlyForDeploymentPostprocessing = 0;
		};
/* End PBXSourcesBuildPhase section */

/* Begin PBXTargetDependency section */
		ECFE8A811D418B6600956E81 /* PBXTargetDependency */ = {
			isa = PBXTargetDependency;
			target = ECFE8A671D418B6600956E81 /* UsersCRUD */;
			targetProxy = ECFE8A801D418B6600956E81 /* PBXContainerItemProxy */;
		};
/* End PBXTargetDependency section */

/* Begin PBXVariantGroup section */
		ECFE8A6F1D418B6600956E81 /* Main.storyboard */ = {
			isa = PBXVariantGroup;
			children = (
				ECFE8A701D418B6600956E81 /* Base */,
			);
			name = Main.storyboard;
			sourceTree = "<group>";
		};
		ECFE8A771D418B6600956E81 /* LaunchScreen.storyboard */ = {
			isa = PBXVariantGroup;
			children = (
				ECFE8A781D418B6600956E81 /* Base */,
			);
			name = LaunchScreen.storyboard;
			sourceTree = "<group>";
		};
/* End PBXVariantGroup section */

/* Begin XCBuildConfiguration section */
		ECFE8A911D418B6600956E81 /* Debug */ = {
			isa = XCBuildConfiguration;
			buildSettings = {
				ALWAYS_SEARCH_USER_PATHS = NO;
				CLANG_ANALYZER_LOCALIZABILITY_NONLOCALIZED = YES;
				CLANG_ANALYZER_NONNULL = YES;
				CLANG_CXX_LANGUAGE_STANDARD = "gnu++0x";
				CLANG_CXX_LIBRARY = "libc++";
				CLANG_ENABLE_MODULES = YES;
				CLANG_ENABLE_OBJC_ARC = YES;
				CLANG_WARN_BLOCK_CAPTURE_AUTORELEASING = YES;
				CLANG_WARN_BOOL_CONVERSION = YES;
				CLANG_WARN_COMMA = YES;
				CLANG_WARN_CONSTANT_CONVERSION = YES;
				CLANG_WARN_DEPRECATED_OBJC_IMPLEMENTATIONS = YES;
				CLANG_WARN_DIRECT_OBJC_ISA_USAGE = YES_ERROR;
				CLANG_WARN_EMPTY_BODY = YES;
				CLANG_WARN_ENUM_CONVERSION = YES;
				CLANG_WARN_INFINITE_RECURSION = YES;
				CLANG_WARN_INT_CONVERSION = YES;
				CLANG_WARN_NON_LITERAL_NULL_CONVERSION = YES;
				CLANG_WARN_OBJC_IMPLICIT_RETAIN_SELF = YES;
				CLANG_WARN_OBJC_LITERAL_CONVERSION = YES;
				CLANG_WARN_OBJC_ROOT_CLASS = YES_ERROR;
				CLANG_WARN_RANGE_LOOP_ANALYSIS = YES;
				CLANG_WARN_STRICT_PROTOTYPES = YES;
				CLANG_WARN_SUSPICIOUS_MOVE = YES;
				CLANG_WARN_UNREACHABLE_CODE = YES;
				CLANG_WARN__DUPLICATE_METHOD_MATCH = YES;
				"CODE_SIGN_IDENTITY[sdk=iphoneos*]" = "iPhone Developer";
				COPY_PHASE_STRIP = NO;
				DEBUG_INFORMATION_FORMAT = dwarf;
				ENABLE_STRICT_OBJC_MSGSEND = YES;
				ENABLE_TESTABILITY = YES;
				GCC_C_LANGUAGE_STANDARD = gnu99;
				GCC_DYNAMIC_NO_PIC = NO;
				GCC_NO_COMMON_BLOCKS = YES;
				GCC_OPTIMIZATION_LEVEL = 0;
				GCC_PREPROCESSOR_DEFINITIONS = (
					"DEBUG=1",
					"$(inherited)",
				);
				GCC_WARN_64_TO_32_BIT_CONVERSION = YES;
				GCC_WARN_ABOUT_RETURN_TYPE = YES_ERROR;
				GCC_WARN_UNDECLARED_SELECTOR = YES;
				GCC_WARN_UNINITIALIZED_AUTOS = YES_AGGRESSIVE;
				GCC_WARN_UNUSED_FUNCTION = YES;
				GCC_WARN_UNUSED_VARIABLE = YES;
				IPHONEOS_DEPLOYMENT_TARGET = 12.2;
				MTL_ENABLE_DEBUG_INFO = YES;
				ONLY_ACTIVE_ARCH = YES;
				SDKROOT = iphoneos;
				SWIFT_OPTIMIZATION_LEVEL = "-Onone";
				TARGETED_DEVICE_FAMILY = "1,2";
			};
			name = Debug;
		};
		ECFE8A921D418B6600956E81 /* Release */ = {
			isa = XCBuildConfiguration;
			buildSettings = {
				ALWAYS_SEARCH_USER_PATHS = NO;
				CLANG_ANALYZER_LOCALIZABILITY_NONLOCALIZED = YES;
				CLANG_ANALYZER_NONNULL = YES;
				CLANG_CXX_LANGUAGE_STANDARD = "gnu++0x";
				CLANG_CXX_LIBRARY = "libc++";
				CLANG_ENABLE_MODULES = YES;
				CLANG_ENABLE_OBJC_ARC = YES;
				CLANG_WARN_BLOCK_CAPTURE_AUTORELEASING = YES;
				CLANG_WARN_BOOL_CONVERSION = YES;
				CLANG_WARN_COMMA = YES;
				CLANG_WARN_CONSTANT_CONVERSION = YES;
				CLANG_WARN_DEPRECATED_OBJC_IMPLEMENTATIONS = YES;
				CLANG_WARN_DIRECT_OBJC_ISA_USAGE = YES_ERROR;
				CLANG_WARN_EMPTY_BODY = YES;
				CLANG_WARN_ENUM_CONVERSION = YES;
				CLANG_WARN_INFINITE_RECURSION = YES;
				CLANG_WARN_INT_CONVERSION = YES;
				CLANG_WARN_NON_LITERAL_NULL_CONVERSION = YES;
				CLANG_WARN_OBJC_IMPLICIT_RETAIN_SELF = YES;
				CLANG_WARN_OBJC_LITERAL_CONVERSION = YES;
				CLANG_WARN_OBJC_ROOT_CLASS = YES_ERROR;
				CLANG_WARN_RANGE_LOOP_ANALYSIS = YES;
				CLANG_WARN_STRICT_PROTOTYPES = YES;
				CLANG_WARN_SUSPICIOUS_MOVE = YES;
				CLANG_WARN_UNREACHABLE_CODE = YES;
				CLANG_WARN__DUPLICATE_METHOD_MATCH = YES;
				"CODE_SIGN_IDENTITY[sdk=iphoneos*]" = "iPhone Developer";
				COPY_PHASE_STRIP = NO;
				DEBUG_INFORMATION_FORMAT = "dwarf-with-dsym";
				ENABLE_NS_ASSERTIONS = NO;
				ENABLE_STRICT_OBJC_MSGSEND = YES;
				GCC_C_LANGUAGE_STANDARD = gnu99;
				GCC_NO_COMMON_BLOCKS = YES;
				GCC_WARN_64_TO_32_BIT_CONVERSION = YES;
				GCC_WARN_ABOUT_RETURN_TYPE = YES_ERROR;
				GCC_WARN_UNDECLARED_SELECTOR = YES;
				GCC_WARN_UNINITIALIZED_AUTOS = YES_AGGRESSIVE;
				GCC_WARN_UNUSED_FUNCTION = YES;
				GCC_WARN_UNUSED_VARIABLE = YES;
				IPHONEOS_DEPLOYMENT_TARGET = 12.2;
				MTL_ENABLE_DEBUG_INFO = NO;
				SDKROOT = iphoneos;
				SWIFT_OPTIMIZATION_LEVEL = "-Owholemodule";
				TARGETED_DEVICE_FAMILY = "1,2";
				VALIDATE_PRODUCT = YES;
			};
			name = Release;
		};
		ECFE8A941D418B6600956E81 /* Debug */ = {
			isa = XCBuildConfiguration;
			buildSettings = {
				ASSETCATALOG_COMPILER_APPICON_NAME = AppIcon;
				DEVELOPMENT_TEAM = RW523X5R3S;
				INFOPLIST_FILE = UsersCRUD/Info.plist;
				IPHONEOS_DEPLOYMENT_TARGET = 12.2;
				LD_RUNPATH_SEARCH_PATHS = "$(inherited) @executable_path/Frameworks";
				PRODUCT_BUNDLE_IDENTIFIER = com.4iFun.kb.UsersCRUD;
				PRODUCT_NAME = "$(TARGET_NAME)";
				SWIFT_VERSION = 5.0;
			};
			name = Debug;
		};
		ECFE8A951D418B6600956E81 /* Release */ = {
			isa = XCBuildConfiguration;
			buildSettings = {
				ASSETCATALOG_COMPILER_APPICON_NAME = AppIcon;
				DEVELOPMENT_TEAM = RW523X5R3S;
				INFOPLIST_FILE = UsersCRUD/Info.plist;
				IPHONEOS_DEPLOYMENT_TARGET = 12.2;
				LD_RUNPATH_SEARCH_PATHS = "$(inherited) @executable_path/Frameworks";
				PRODUCT_BUNDLE_IDENTIFIER = com.4iFun.kb.UsersCRUD;
				PRODUCT_NAME = "$(TARGET_NAME)";
				SWIFT_VERSION = 5.0;
			};
			name = Release;
		};
		ECFE8A971D418B6600956E81 /* Debug */ = {
			isa = XCBuildConfiguration;
			buildSettings = {
				BUNDLE_LOADER = "$(TEST_HOST)";
				INFOPLIST_FILE = UsersCRUDTests/Info.plist;
				LD_RUNPATH_SEARCH_PATHS = "$(inherited) @executable_path/Frameworks @loader_path/Frameworks";
				PRODUCT_BUNDLE_IDENTIFIER = com.4iFun.kb.UsersCRUDTests;
				PRODUCT_NAME = "$(TARGET_NAME)";
				SWIFT_VERSION = 5.0;
				TEST_HOST = "$(BUILT_PRODUCTS_DIR)/UsersCRUD.app/UsersCRUD";
			};
			name = Debug;
		};
		ECFE8A981D418B6600956E81 /* Release */ = {
			isa = XCBuildConfiguration;
			buildSettings = {
				BUNDLE_LOADER = "$(TEST_HOST)";
				INFOPLIST_FILE = UsersCRUDTests/Info.plist;
				LD_RUNPATH_SEARCH_PATHS = "$(inherited) @executable_path/Frameworks @loader_path/Frameworks";
				PRODUCT_BUNDLE_IDENTIFIER = com.4iFun.kb.UsersCRUDTests;
				PRODUCT_NAME = "$(TARGET_NAME)";
				SWIFT_VERSION = 5.0;
				TEST_HOST = "$(BUILT_PRODUCTS_DIR)/UsersCRUD.app/UsersCRUD";
			};
			name = Release;
		};
/* End XCBuildConfiguration section */

/* Begin XCConfigurationList section */
		ECFE8A631D418B6600956E81 /* Build configuration list for PBXProject "UsersCRUD" */ = {
			isa = XCConfigurationList;
			buildConfigurations = (
				ECFE8A911D418B6600956E81 /* Debug */,
				ECFE8A921D418B6600956E81 /* Release */,
			);
			defaultConfigurationIsVisible = 0;
			defaultConfigurationName = Release;
		};
		ECFE8A931D418B6600956E81 /* Build configuration list for PBXNativeTarget "UsersCRUD" */ = {
			isa = XCConfigurationList;
			buildConfigurations = (
				ECFE8A941D418B6600956E81 /* Debug */,
				ECFE8A951D418B6600956E81 /* Release */,
			);
			defaultConfigurationIsVisible = 0;
			defaultConfigurationName = Release;
		};
		ECFE8A961D418B6600956E81 /* Build configuration list for PBXNativeTarget "UsersCRUDTests" */ = {
			isa = XCConfigurationList;
			buildConfigurations = (
				ECFE8A971D418B6600956E81 /* Debug */,
				ECFE8A981D418B6600956E81 /* Release */,
			);
			defaultConfigurationIsVisible = 0;
			defaultConfigurationName = Release;
		};
/* End XCConfigurationList section */

/* Begin XCVersionGroup section */
		ECFE8A721D418B6600956E81 /* UsersCRUD.xcdatamodeld */ = {
			isa = XCVersionGroup;
			children = (
				ECFE8A731D418B6600956E81 /* UsersCRUD.xcdatamodel */,
			);
			currentVersion = ECFE8A731D418B6600956E81 /* UsersCRUD.xcdatamodel */;
			name = UsersCRUD.xcdatamodeld;
			path = UsersCRUD/UsersCRUD.xcdatamodeld;
			sourceTree = "<group>";
			versionGroupType = wrapper.xcdatamodel;
		};
/* End XCVersionGroup section */
	};
	rootObject = ECFE8A601D418B6600956E81 /* Project object */;
}
